
Microsoft Visual Studio Solution File, Format Version 12.00
# Visual Studio Version 17
VisualStudioVersion = 17.14.36327.8
MinimumVisualStudioVersion = 10.0.40219.1
Project("{FAE04EC0-301F-11D3-BF4B-00C04F79EFBC}") = "Domain", "Domain\Domain.csproj", "{91FD59C3-3970-4FE8-A870-EB56C34FA011}"
EndProject
Project("{FAE04EC0-301F-11D3-BF4B-00C04F79EFBC}") = "API", "API\API.csproj", "{381A15A6-D0A4-4779-A1B3-DE470E9986D9}"
EndProject
Project("{FAE04EC0-301F-11D3-BF4B-00C04F79EFBC}") = "Infrastructure", "Infrastructure\Infrastructure.csproj", "{45D28C48-0890-4191-8854-B9D29E2D48CC}"
EndProject
Global
	GlobalSection(SolutionConfigurationPlatforms) = preSolution
		Debug|Any CPU = Debug|Any CPU
		Release|Any CPU = Release|Any CPU
	EndGlobalSection
	GlobalSection(ProjectConfigurationPlatforms) = postSolution
		{91FD59C3-3970-4FE8-A870-EB56C34FA011}.Debug|Any CPU.ActiveCfg = Debug|Any CPU
		{91FD59C3-3970-4FE8-A870-EB56C34FA011}.Debug|Any CPU.Build.0 = Debug|Any CPU
		{91FD59C3-3970-4FE8-A870-EB56C34FA011}.Release|Any CPU.ActiveCfg = Release|Any CPU
		{91FD59C3-3970-4FE8-A870-EB56C34FA011}.Release|Any CPU.Build.0 = Release|Any CPU
		{381A15A6-D0A4-4779-A1B3-DE470E9986D9}.Debug|Any CPU.ActiveCfg = Debug|Any CPU
		{381A15A6-D0A4-4779-A1B3-DE470E9986D9}.Debug|Any CPU.Build.0 = Debug|Any CPU
		{381A15A6-D0A4-4779-A1B3-DE470E9986D9}.Release|Any CPU.ActiveCfg = Release|Any CPU
		{381A15A6-D0A4-4779-A1B3-DE470E9986D9}.Release|Any CPU.Build.0 = Release|Any CPU
		{45D28C48-0890-4191-8854-B9D29E2D48CC}.Debug|Any CPU.ActiveCfg = Debug|Any CPU
		{45D28C48-0890-4191-8854-B9D29E2D48CC}.Debug|Any CPU.Build.0 = Debug|Any CPU
		{45D28C48-0890-4191-8854-B9D29E2D48CC}.Release|Any CPU.ActiveCfg = Release|Any CPU
		{45D28C48-0890-4191-8854-B9D29E2D48CC}.Release|Any CPU.Build.0 = Release|Any CPU
	EndGlobalSection
	GlobalSection(SolutionProperties) = preSolution
		HideSolutionNode = FALSE
	EndGlobalSection
	GlobalSection(ExtensibilityGlobals) = postSolution
		SolutionGuid = {D0A60C53-B93D-4177-9B1E-51BFBC37B3F3}
	EndGlobalSection
EndGlobal
